
Microsoft Visual Studio Solution File, Format Version 12.00
# Visual Studio Version 16
VisualStudioVersion = 16.0.31005.135
MinimumVisualStudioVersion = 10.0.40219.1
Project("{FAE04EC0-301F-11D3-BF4B-00C04F79EFBC}") = "webproject", "webproject\webproject.csproj", "{6704E78A-D6F9-4739-8DC3-06D9F92E7116}"
EndProject
Global
	GlobalSection(SolutionConfigurationPlatforms) = preSolution
		Debug|Any CPU = Debug|Any CPU
		Release|Any CPU = Release|Any CPU
	EndGlobalSection
	GlobalSection(ProjectConfigurationPlatforms) = postSolution
		{6704E78A-D6F9-4739-8DC3-06D9F92E7116}.Debug|Any CPU.ActiveCfg = Debug|Any CPU
		{6704E78A-D6F9-4739-8DC3-06D9F92E7116}.Debug|Any CPU.Build.0 = Debug|Any CPU
		{6704E78A-D6F9-4739-8DC3-06D9F92E7116}.Release|Any CPU.ActiveCfg = Release|Any CPU
		{6704E78A-D6F9-4739-8DC3-06D9F92E7116}.Release|Any CPU.Build.0 = Release|Any CPU
	EndGlobalSection
	GlobalSection(SolutionProperties) = preSolution
		HideSolutionNode = FALSE
	EndGlobalSection
	GlobalSection(ExtensibilityGlobals) = postSolution
		SolutionGuid = {03BBF9E4-D2B9-44BD-99E6-A77F3D15F55B}
	EndGlobalSection
EndGlobal
